
Microsoft Visual Studio Solution File, Format Version 12.00
# Visual Studio 15
VisualStudioVersion = 15.0.28010.2016
MinimumVisualStudioVersion = 10.0.40219.1
Project("{FAE04EC0-301F-11D3-BF4B-00C04F79EFBC}") = "LoopTask-3-1", "LoopTask-3-1\LoopTask-3-1.csproj", "{6C67D0C7-C97D-413D-B6EC-5DD5E2BFEC8C}"
EndProject
Global
	GlobalSection(SolutionConfigurationPlatforms) = preSolution
		Debug|Any CPU = Debug|Any CPU
		Release|Any CPU = Release|Any CPU
	EndGlobalSection
	GlobalSection(ProjectConfigurationPlatforms) = postSolution
		{6C67D0C7-C97D-413D-B6EC-5DD5E2BFEC8C}.Debug|Any CPU.ActiveCfg = Debug|Any CPU
		{6C67D0C7-C97D-413D-B6EC-5DD5E2BFEC8C}.Debug|Any CPU.Build.0 = Debug|Any CPU
		{6C67D0C7-C97D-413D-B6EC-5DD5E2BFEC8C}.Release|Any CPU.ActiveCfg = Release|Any CPU
		{6C67D0C7-C97D-413D-B6EC-5DD5E2BFEC8C}.Release|Any CPU.Build.0 = Release|Any CPU
	EndGlobalSection
	GlobalSection(SolutionProperties) = preSolution
		HideSolutionNode = FALSE
	EndGlobalSection
	GlobalSection(ExtensibilityGlobals) = postSolution
		SolutionGuid = {208B63AF-4D16-4195-8E58-976E2B3F3E7D}
	EndGlobalSection
EndGlobal
