
Microsoft Visual Studio Solution File, Format Version 12.00
# Visual Studio 15
VisualStudioVersion = 15.0.28010.2016
MinimumVisualStudioVersion = 10.0.40219.1
Project("{FAE04EC0-301F-11D3-BF4B-00C04F79EFBC}") = "StringExample", "StringExample\StringExample.csproj", "{6042917B-5BF5-4833-8FC7-CB2BE9D91B22}"
EndProject
Global
	GlobalSection(SolutionConfigurationPlatforms) = preSolution
		Debug|Any CPU = Debug|Any CPU
		Release|Any CPU = Release|Any CPU
	EndGlobalSection
	GlobalSection(ProjectConfigurationPlatforms) = postSolution
		{6042917B-5BF5-4833-8FC7-CB2BE9D91B22}.Debug|Any CPU.ActiveCfg = Debug|Any CPU
		{6042917B-5BF5-4833-8FC7-CB2BE9D91B22}.Debug|Any CPU.Build.0 = Debug|Any CPU
		{6042917B-5BF5-4833-8FC7-CB2BE9D91B22}.Release|Any CPU.ActiveCfg = Release|Any CPU
		{6042917B-5BF5-4833-8FC7-CB2BE9D91B22}.Release|Any CPU.Build.0 = Release|Any CPU
	EndGlobalSection
	GlobalSection(SolutionProperties) = preSolution
		HideSolutionNode = FALSE
	EndGlobalSection
	GlobalSection(ExtensibilityGlobals) = postSolution
		SolutionGuid = {F5F0F83D-C2CE-42FA-9F13-CF76E804C1B1}
	EndGlobalSection
EndGlobal
