
Microsoft Visual Studio Solution File, Format Version 12.00
# Visual Studio 15
VisualStudioVersion = 15.0.28010.2016
MinimumVisualStudioVersion = 10.0.40219.1
Project("{FAE04EC0-301F-11D3-BF4B-00C04F79EFBC}") = "LoopTask3-4", "LoopTask3-4\LoopTask3-4.csproj", "{A2B69D83-708B-4B09-A45B-3A98249ACF99}"
EndProject
Global
	GlobalSection(SolutionConfigurationPlatforms) = preSolution
		Debug|Any CPU = Debug|Any CPU
		Release|Any CPU = Release|Any CPU
	EndGlobalSection
	GlobalSection(ProjectConfigurationPlatforms) = postSolution
		{A2B69D83-708B-4B09-A45B-3A98249ACF99}.Debug|Any CPU.ActiveCfg = Debug|Any CPU
		{A2B69D83-708B-4B09-A45B-3A98249ACF99}.Debug|Any CPU.Build.0 = Debug|Any CPU
		{A2B69D83-708B-4B09-A45B-3A98249ACF99}.Release|Any CPU.ActiveCfg = Release|Any CPU
		{A2B69D83-708B-4B09-A45B-3A98249ACF99}.Release|Any CPU.Build.0 = Release|Any CPU
	EndGlobalSection
	GlobalSection(SolutionProperties) = preSolution
		HideSolutionNode = FALSE
	EndGlobalSection
	GlobalSection(ExtensibilityGlobals) = postSolution
		SolutionGuid = {116BFD3B-B5CC-4BBF-BBE9-B701DC9CABD8}
	EndGlobalSection
EndGlobal
