
Microsoft Visual Studio Solution File, Format Version 12.00
# Visual Studio 15
VisualStudioVersion = 15.0.28010.2016
MinimumVisualStudioVersion = 10.0.40219.1
Project("{FAE04EC0-301F-11D3-BF4B-00C04F79EFBC}") = "ArrayExample1", "ArrayExample1\ArrayExample1.csproj", "{93BE699E-4118-4C4D-BD4A-9F7F815970DD}"
EndProject
Global
	GlobalSection(SolutionConfigurationPlatforms) = preSolution
		Debug|Any CPU = Debug|Any CPU
		Release|Any CPU = Release|Any CPU
	EndGlobalSection
	GlobalSection(ProjectConfigurationPlatforms) = postSolution
		{93BE699E-4118-4C4D-BD4A-9F7F815970DD}.Debug|Any CPU.ActiveCfg = Debug|Any CPU
		{93BE699E-4118-4C4D-BD4A-9F7F815970DD}.Debug|Any CPU.Build.0 = Debug|Any CPU
		{93BE699E-4118-4C4D-BD4A-9F7F815970DD}.Release|Any CPU.ActiveCfg = Release|Any CPU
		{93BE699E-4118-4C4D-BD4A-9F7F815970DD}.Release|Any CPU.Build.0 = Release|Any CPU
	EndGlobalSection
	GlobalSection(SolutionProperties) = preSolution
		HideSolutionNode = FALSE
	EndGlobalSection
	GlobalSection(ExtensibilityGlobals) = postSolution
		SolutionGuid = {07CFA127-A40D-4FC6-BD02-8B68473810F2}
	EndGlobalSection
EndGlobal
