
Microsoft Visual Studio Solution File, Format Version 12.00
# Visual Studio 15
VisualStudioVersion = 15.0.28010.2016
MinimumVisualStudioVersion = 10.0.40219.1
Project("{FAE04EC0-301F-11D3-BF4B-00C04F79EFBC}") = "FunctionTask5-2", "FunctionTask5-2\FunctionTask5-2.csproj", "{E136DB81-1FF2-415F-8FC6-8BD949EBDB2C}"
EndProject
Global
	GlobalSection(SolutionConfigurationPlatforms) = preSolution
		Debug|Any CPU = Debug|Any CPU
		Release|Any CPU = Release|Any CPU
	EndGlobalSection
	GlobalSection(ProjectConfigurationPlatforms) = postSolution
		{E136DB81-1FF2-415F-8FC6-8BD949EBDB2C}.Debug|Any CPU.ActiveCfg = Debug|Any CPU
		{E136DB81-1FF2-415F-8FC6-8BD949EBDB2C}.Debug|Any CPU.Build.0 = Debug|Any CPU
		{E136DB81-1FF2-415F-8FC6-8BD949EBDB2C}.Release|Any CPU.ActiveCfg = Release|Any CPU
		{E136DB81-1FF2-415F-8FC6-8BD949EBDB2C}.Release|Any CPU.Build.0 = Release|Any CPU
	EndGlobalSection
	GlobalSection(SolutionProperties) = preSolution
		HideSolutionNode = FALSE
	EndGlobalSection
	GlobalSection(ExtensibilityGlobals) = postSolution
		SolutionGuid = {F0A6EA61-E84C-469F-BE13-21AB18486FC5}
	EndGlobalSection
EndGlobal
